
Microsoft Visual Studio Solution File, Format Version 12.00
# Visual Studio Version 17
VisualStudioVersion = 17.8.34309.116
MinimumVisualStudioVersion = 10.0.40219.1
Project("{9A19103F-16F7-4668-BE54-9A1E7A4F7556}") = "discordamx", "discordamx.csproj", "{BF59B8C8-0428-4E78-8F02-CB7855FD0FBB}"
EndProject
Global
	GlobalSection(SolutionConfigurationPlatforms) = preSolution
		Debug|Any CPU = Debug|Any CPU
		Debug|x64 = Debug|x64
		Debug|x86 = Debug|x86
		Release|Any CPU = Release|Any CPU
		Release|x64 = Release|x64
		Release|x86 = Release|x86
	EndGlobalSection
	GlobalSection(ProjectConfigurationPlatforms) = postSolution
		{BF59B8C8-0428-4E78-8F02-CB7855FD0FBB}.Debug|Any CPU.ActiveCfg = Debug|Any CPU
		{BF59B8C8-0428-4E78-8F02-CB7855FD0FBB}.Debug|Any CPU.Build.0 = Debug|Any CPU
		{BF59B8C8-0428-4E78-8F02-CB7855FD0FBB}.Debug|x64.ActiveCfg = Debug|Any CPU
		{BF59B8C8-0428-4E78-8F02-CB7855FD0FBB}.Debug|x64.Build.0 = Debug|Any CPU
		{BF59B8C8-0428-4E78-8F02-CB7855FD0FBB}.Debug|x86.ActiveCfg = Debug|x86
		{BF59B8C8-0428-4E78-8F02-CB7855FD0FBB}.Debug|x86.Build.0 = Debug|x86
		{BF59B8C8-0428-4E78-8F02-CB7855FD0FBB}.Release|Any CPU.ActiveCfg = Release|Any CPU
		{BF59B8C8-0428-4E78-8F02-CB7855FD0FBB}.Release|Any CPU.Build.0 = Release|Any CPU
		{BF59B8C8-0428-4E78-8F02-CB7855FD0FBB}.Release|x64.ActiveCfg = Release|Any CPU
		{BF59B8C8-0428-4E78-8F02-CB7855FD0FBB}.Release|x64.Build.0 = Release|Any CPU
		{BF59B8C8-0428-4E78-8F02-CB7855FD0FBB}.Release|x86.ActiveCfg = Release|x86
		{BF59B8C8-0428-4E78-8F02-CB7855FD0FBB}.Release|x86.Build.0 = Release|x86
	EndGlobalSection
	GlobalSection(SolutionProperties) = preSolution
		HideSolutionNode = FALSE
	EndGlobalSection
	GlobalSection(ExtensibilityGlobals) = postSolution
		SolutionGuid = {4A619E8A-2EBF-41ED-B865-1E0E25E7C97F}
	EndGlobalSection
EndGlobal
